# This file is automatically @generated by Cargo.
# It is not intended for manual editing.
version = 3

[[package]]
name = "fast-glob"
version = "0.2.0"
source = "registry+https://github.com/rust-lang/crates.io-index"
checksum = "39a6e73077a3f106af69c373fd2364e699cd830380cc851420053de88061b9cd"

[[package]]
name = "glob-match"
version = "0.2.1"
source = "registry+https://github.com/rust-lang/crates.io-index"
checksum = "9985c9503b412198aa4197559e9a318524ebc4519c229bfa05a535828c950b9d"

[[package]]
name = "glob-test"
version = "0.1.0"
dependencies = [
 "fast-glob",
 "glob-match",
]
